
Microsoft Visual Studio Solution File, Format Version 12.00
# Visual Studio Version 16
VisualStudioVersion = 16.0.29728.190
MinimumVisualStudioVersion = 10.0.40219.1
Project("{FAE04EC0-301F-11D3-BF4B-00C04F79EFBC}") = "PayrollService", "PayrollService\PayrollService.csproj", "{79E48482-9CA2-4863-B084-8E3BC7E14CEB}"
EndProject
Project("{FAE04EC0-301F-11D3-BF4B-00C04F79EFBC}") = "PayrollService.Tests", "PayrollService.Tests\PayrollService.Tests.csproj", "{4BA85B88-7607-4938-8663-D239D0802485}"
EndProject
Global
	GlobalSection(SolutionConfigurationPlatforms) = preSolution
		Debug|Any CPU = Debug|Any CPU
		Release|Any CPU = Release|Any CPU
	EndGlobalSection
	GlobalSection(ProjectConfigurationPlatforms) = postSolution
		{79E48482-9CA2-4863-B084-8E3BC7E14CEB}.Debug|Any CPU.ActiveCfg = Debug|Any CPU
		{79E48482-9CA2-4863-B084-8E3BC7E14CEB}.Debug|Any CPU.Build.0 = Debug|Any CPU
		{79E48482-9CA2-4863-B084-8E3BC7E14CEB}.Release|Any CPU.ActiveCfg = Release|Any CPU
		{79E48482-9CA2-4863-B084-8E3BC7E14CEB}.Release|Any CPU.Build.0 = Release|Any CPU
		{4BA85B88-7607-4938-8663-D239D0802485}.Debug|Any CPU.ActiveCfg = Debug|Any CPU
		{4BA85B88-7607-4938-8663-D239D0802485}.Debug|Any CPU.Build.0 = Debug|Any CPU
		{4BA85B88-7607-4938-8663-D239D0802485}.Release|Any CPU.ActiveCfg = Release|Any CPU
		{4BA85B88-7607-4938-8663-D239D0802485}.Release|Any CPU.Build.0 = Release|Any CPU
	EndGlobalSection
	GlobalSection(SolutionProperties) = preSolution
		HideSolutionNode = FALSE
	EndGlobalSection
	GlobalSection(ExtensibilityGlobals) = postSolution
		SolutionGuid = {E1B96DCE-5FCF-4846-B36C-86611D7629FB}
	EndGlobalSection
EndGlobal
